# THIS IS AN AUTOGENERATED FILE. DO NOT EDIT THIS FILE DIRECTLY.
# yarn lockfile v1


"@codama/cli@1.0.10":
  version "1.0.10"
  resolved "https://registry.yarnpkg.com/@codama/cli/-/cli-1.0.10.tgz#47876d450a2a74704b15a872987c5c9e25f855cf"
  integrity sha512-zKfQZYIqu834fno5ra6H/rlqFlNWNJ5tU5spxxVBOwECX3oUZc5+ED9Vu6cOP/FRgs6FI24/d603P6iSz0vuuA==
  dependencies:
    "@codama/nodes" "1.2.11"
    "@codama/nodes-from-anchor" "1.1.11"
    "@codama/renderers" "1.0.19"
    "@codama/renderers-js" "1.2.10"
    "@codama/renderers-js-umi" "1.1.12"
    "@codama/renderers-rust" "1.0.19"
    "@codama/visitors" "1.2.11"
    "@codama/visitors-core" "1.2.11"
    commander "^13.1.0"
    picocolors "^1.1.1"
    prompts "^2.4.2"

"@codama/errors@1.2.11":
  version "1.2.11"
  resolved "https://registry.yarnpkg.com/@codama/errors/-/errors-1.2.11.tgz#0fd4880a185f58b318b808542e12b4b2d703a36c"
  integrity sha512-npkIj4bqLMENt2HPtxzLitaduwtl/kaQkW1lFJJdJR7Fu1rD0R4jQkiysqvzMggviOFMnR2/ANutXxKy3NaqQA==
  dependencies:
    "@codama/node-types" "1.2.11"
    chalk "^5.4.1"
    commander "^13.1.0"

"@codama/node-types@1.2.11":
  version "1.2.11"
  resolved "https://registry.yarnpkg.com/@codama/node-types/-/node-types-1.2.11.tgz#7d0e97a97abf611ee000f57887779a4bb821aeb0"
  integrity sha512-4yUA2uYwC/VmtyiRZe+89mWJ3BiN9D6mckiYgvpyOHTNtQ0y35CQpPloJzb0hiRcWIuVaOmV+AWqZrZn5wbzkg==

"@codama/nodes-from-anchor@1.1.11", "@codama/nodes-from-anchor@^1.1.11":
  version "1.1.11"
  resolved "https://registry.yarnpkg.com/@codama/nodes-from-anchor/-/nodes-from-anchor-1.1.11.tgz#2bfa7628743d366ecda1200f0d600009c8e65e41"
  integrity sha512-OpBGlmZnHhbOhHfJ8uKcUP5/ZESjVGV/xyxB5XDRHyBFzUOuxGheAm1/fC9M7K5pNtxEaOk8Ouq9U72cvAK0Xw==
  dependencies:
    "@codama/errors" "1.2.11"
    "@codama/nodes" "1.2.11"
    "@codama/visitors" "1.2.11"
    "@noble/hashes" "^1.7.1"
    "@solana/codecs" "2.1.0"

"@codama/nodes@1.2.11":
  version "1.2.11"
  resolved "https://registry.yarnpkg.com/@codama/nodes/-/nodes-1.2.11.tgz#8813b542978d075b366d30a37282e4dd32e70913"
  integrity sha512-+cJrFHYcNMwjgfChgY3ujbUNu8dmsokcbq5UGzuS5CCSJ8g7t3SIc07tTj/VJwZnKrClCSiKl12chP7Q0Vc2Rw==
  dependencies:
    "@codama/errors" "1.2.11"
    "@codama/node-types" "1.2.11"

"@codama/renderers-core@1.0.13":
  version "1.0.13"
  resolved "https://registry.yarnpkg.com/@codama/renderers-core/-/renderers-core-1.0.13.tgz#0befce270320bd357e214c61b822916725295282"
  integrity sha512-1/IDgYlsKi1CZCJ6imyiIk/BJDYNKzUnwfD0m/HwLOhzyKZwn0OAbMMQuKkBgcclmzD/izxmHxYHJvAJZSBl+w==
  dependencies:
    "@codama/errors" "1.2.11"
    "@codama/nodes" "1.2.11"
    "@codama/visitors-core" "1.2.11"

"@codama/renderers-js-umi@1.1.12":
  version "1.1.12"
  resolved "https://registry.yarnpkg.com/@codama/renderers-js-umi/-/renderers-js-umi-1.1.12.tgz#5a93138d8a8c64b627742159410ae166cea0bbe6"
  integrity sha512-Ne3hdMBPDdfXgXTjFoxeSSoOLP44ecCryG/H0t2okNau3IB6NO3DN13xn4xtC/l3JO6bdjxggyPg8QZEw8lc5g==
  dependencies:
    "@codama/errors" "1.2.11"
    "@codama/nodes" "1.2.11"
    "@codama/renderers-core" "1.0.13"
    "@codama/validators" "1.2.11"
    "@codama/visitors-core" "1.2.11"
    "@solana/codecs-strings" rc
    nunjucks "^3.2.4"
    prettier "^3.5.3"

"@codama/renderers-js@1.2.10":
  version "1.2.10"
  resolved "https://registry.yarnpkg.com/@codama/renderers-js/-/renderers-js-1.2.10.tgz#60e597f5d5dac0015beeffdc410963d4ee2a34ea"
  integrity sha512-rGlrmP5Rs90taX2IDKjHskDXhfVFMajfnCq1RFNg4/2XoEtWeXPkhQTWVUgn0q9tBAcvQCWyea2IfjGjjk5XMA==
  dependencies:
    "@codama/errors" "1.2.11"
    "@codama/nodes" "1.2.11"
    "@codama/nodes-from-anchor" "1.1.11"
    "@codama/renderers-core" "1.0.13"
    "@codama/visitors-core" "1.2.11"
    "@solana/codecs-strings" rc
    nunjucks "^3.2.4"
    prettier "^3.5.3"

"@codama/renderers-rust@1.0.19", "@codama/renderers-rust@^1.0.19":
  version "1.0.19"
  resolved "https://registry.yarnpkg.com/@codama/renderers-rust/-/renderers-rust-1.0.19.tgz#81c97286a520af30327136e1c9870b5376a7917d"
  integrity sha512-ur2oQsMZ0P/g0DXY4tcw6Hznsq8ax1n968lfUNnxMHNBYr3zdhfJRBvzsF7RtcYkEvengOafQn1N5AlsNv1GBA==
  dependencies:
    "@codama/errors" "1.2.11"
    "@codama/nodes" "1.2.11"
    "@codama/renderers-core" "1.0.13"
    "@codama/visitors-core" "1.2.11"
    "@solana/codecs-strings" rc
    nunjucks "^3.2.4"

"@codama/renderers@1.0.19":
  version "1.0.19"
  resolved "https://registry.yarnpkg.com/@codama/renderers/-/renderers-1.0.19.tgz#f9df46e025ffb34858529306651a8f041939c432"
  integrity sha512-gzc+dOVyzIkPjEEZiEcQLAHS+7hJL9hU4x5ZiMJfemLLapk/wIg7fH1s5alw3oDh6HosZouVtnAYp1OOukH88A==
  dependencies:
    "@codama/renderers-js" "1.2.10"
    "@codama/renderers-js-umi" "1.1.12"
    "@codama/renderers-rust" "1.0.19"

"@codama/validators@1.2.11":
  version "1.2.11"
  resolved "https://registry.yarnpkg.com/@codama/validators/-/validators-1.2.11.tgz#36054f046b47d2fde0641e866a31268c38412cff"
  integrity sha512-67j+GEIZqq1Qh8eZe63Dnh21zzeVoJQbj56uek8VYLevgt9qfO8hdI9D/XGg7xM+o2fKa9g3NlwO5jOSG+1oLQ==
  dependencies:
    "@codama/errors" "1.2.11"
    "@codama/nodes" "1.2.11"
    "@codama/visitors-core" "1.2.11"

"@codama/visitors-core@1.2.11":
  version "1.2.11"
  resolved "https://registry.yarnpkg.com/@codama/visitors-core/-/visitors-core-1.2.11.tgz#7db0eb91d6e0c7ed8434b4d1226487e740293467"
  integrity sha512-+hf5NT7DzxxVus+z3mVVrE53hW60E83ao64Ya3zyVFa+vLCUnAcYgrpL8I6UU391QymgDa0NfYJXedgjqWkfGw==
  dependencies:
    "@codama/errors" "1.2.11"
    "@codama/nodes" "1.2.11"
    json-stable-stringify "^1.2.1"

"@codama/visitors@1.2.11":
  version "1.2.11"
  resolved "https://registry.yarnpkg.com/@codama/visitors/-/visitors-1.2.11.tgz#aeeb7e03344a50fbc7c0db74be6129800da8b647"
  integrity sha512-UxqVUcXFJFdCdpkKXiEmHRaLhIJIyAQijmt1hMb1LoWnPe2yavkuVdo5cPuJqZ/lImu4+LDVZz7Tk7l3iZG8uw==
  dependencies:
    "@codama/errors" "1.2.11"
    "@codama/nodes" "1.2.11"
    "@codama/visitors-core" "1.2.11"

"@noble/hashes@^1.7.1":
  version "1.8.0"
  resolved "https://registry.yarnpkg.com/@noble/hashes/-/hashes-1.8.0.tgz#cee43d801fcef9644b11b8194857695acd5f815a"
  integrity sha512-jCs9ldd7NwzpgXDIf6P3+NrHh9/sD6CQdxHyjQI+h/6rDNo88ypBxxz45UDuZHz9r3tNz7N/VInSVoVdtXEI4A==

"@solana/codecs-core@2.0.0-rc.4":
  version "2.0.0-rc.4"
  resolved "https://registry.yarnpkg.com/@solana/codecs-core/-/codecs-core-2.0.0-rc.4.tgz#c4280d68877a078df4b430871db159f95534fcd3"
  integrity sha512-JIrTSps032mSE3wBxW3bXOqWfoy4CMy1CX/XeVCijyh5kLVxZTSDIdRTYdePdL1yzaOZF1Xysvt1DhOUgBdM+A==
  dependencies:
    "@solana/errors" "2.0.0-rc.4"

"@solana/codecs-core@2.1.0":
  version "2.1.0"
  resolved "https://registry.yarnpkg.com/@solana/codecs-core/-/codecs-core-2.1.0.tgz#79ac28fbcde4a09d88f4360777ceeb30ec14e3f1"
  integrity sha512-SR7pKtmJBg2mhmkel2NeHA1pz06QeQXdMv8WJoIR9m8F/hw80K/612uaYbwTt2nkK0jg/Qn/rNSd7EcJ4SBGjw==
  dependencies:
    "@solana/errors" "2.1.0"

"@solana/codecs-data-structures@2.1.0":
  version "2.1.0"
  resolved "https://registry.yarnpkg.com/@solana/codecs-data-structures/-/codecs-data-structures-2.1.0.tgz#32d8be437b055c2f395dd2b8f43d9b92a39daa91"
  integrity sha512-oDF5ek54kirqJ09q8k/qEpobBiWOhd3CkkGOTyfjsmTF/IGIigNbdYIakxV3+vudBeaNBw08y0XdBYI4JL/nqA==
  dependencies:
    "@solana/codecs-core" "2.1.0"
    "@solana/codecs-numbers" "2.1.0"
    "@solana/errors" "2.1.0"

"@solana/codecs-numbers@2.0.0-rc.4":
  version "2.0.0-rc.4"
  resolved "https://registry.yarnpkg.com/@solana/codecs-numbers/-/codecs-numbers-2.0.0-rc.4.tgz#ad95848d64dbaab4f6f0935d042df00802c84bba"
  integrity sha512-ZJR7TaUO65+3Hzo3YOOUCS0wlzh17IW+j0MZC2LCk1R0woaypRpHKj4iSMYeQOZkMxsd9QT3WNvjFrPC2qA6Sw==
  dependencies:
    "@solana/codecs-core" "2.0.0-rc.4"
    "@solana/errors" "2.0.0-rc.4"

"@solana/codecs-numbers@2.1.0":
  version "2.1.0"
  resolved "https://registry.yarnpkg.com/@solana/codecs-numbers/-/codecs-numbers-2.1.0.tgz#f6a1a9009ace56238d8d9478dd5d375b09c6342a"
  integrity sha512-XMu4yw5iCgQnMKsxSWPPOrGgtaohmupN3eyAtYv3K3C/MJEc5V90h74k5B1GUCiHvcrdUDO9RclNjD9lgbjFag==
  dependencies:
    "@solana/codecs-core" "2.1.0"
    "@solana/errors" "2.1.0"

"@solana/codecs-strings@2.1.0":
  version "2.1.0"
  resolved "https://registry.yarnpkg.com/@solana/codecs-strings/-/codecs-strings-2.1.0.tgz#13a92930b21e4d8e7a064f623c817f2082574f1a"
  integrity sha512-O/eJFLzFrHomcCR1Y5QbIqoPo7iaJaWNnIeskB4mVhVjLyjlJS4WtBP2NBRzM9uJXaXyOxxKroqqO9zFsHOpvQ==
  dependencies:
    "@solana/codecs-core" "2.1.0"
    "@solana/codecs-numbers" "2.1.0"
    "@solana/errors" "2.1.0"

"@solana/codecs-strings@rc":
  version "2.0.0-rc.4"
  resolved "https://registry.yarnpkg.com/@solana/codecs-strings/-/codecs-strings-2.0.0-rc.4.tgz#6a9223c074ab2422a7da3a8fc60cd398c6b8e167"
  integrity sha512-LGfK2RL0BKjYYUfzu2FG/gTgCsYOMz9FKVs2ntji6WneZygPxJTV5W98K3J8Rl0JewpCSCFQH3xjLSHBJUS0fA==
  dependencies:
    "@solana/codecs-core" "2.0.0-rc.4"
    "@solana/codecs-numbers" "2.0.0-rc.4"
    "@solana/errors" "2.0.0-rc.4"

"@solana/codecs@2.1.0":
  version "2.1.0"
  resolved "https://registry.yarnpkg.com/@solana/codecs/-/codecs-2.1.0.tgz#0516f2c840c5173fdadc9783511e25f1c3ea0e65"
  integrity sha512-C0TnfrpbTg7zoIFYfM65ofeL2AWEz80OsD6mjVdcTKpb1Uj7XuBuNLss3dMnatPQaL7RagD9VLA5/WfYayyteQ==
  dependencies:
    "@solana/codecs-core" "2.1.0"
    "@solana/codecs-data-structures" "2.1.0"
    "@solana/codecs-numbers" "2.1.0"
    "@solana/codecs-strings" "2.1.0"
    "@solana/options" "2.1.0"

"@solana/errors@2.0.0-rc.4":
  version "2.0.0-rc.4"
  resolved "https://registry.yarnpkg.com/@solana/errors/-/errors-2.0.0-rc.4.tgz#4a5aa0d82206b07f31e729262f47def34397ac61"
  integrity sha512-0PPaMyB81keEHG/1pnyEuiBVKctbXO641M2w3CIOrYT/wzjunfF0FTxsqq9wYJeYo0AyiefCKGgSPs6wiY2PpQ==
  dependencies:
    chalk "^5.3.0"
    commander "^12.1.0"

"@solana/errors@2.1.0":
  version "2.1.0"
  resolved "https://registry.yarnpkg.com/@solana/errors/-/errors-2.1.0.tgz#1a139965fcb8bec610cc1c6194d53d169f4b5852"
  integrity sha512-l+GxAv0Ar4d3c3PlZdA9G++wFYZREEbbRyAFP8+n8HSg0vudCuzogh/13io6hYuUhG/9Ve8ARZNamhV7UScKNw==
  dependencies:
    chalk "^5.3.0"
    commander "^13.1.0"

"@solana/options@2.1.0":
  version "2.1.0"
  resolved "https://registry.yarnpkg.com/@solana/options/-/options-2.1.0.tgz#7ff65ea30f7f9ee481306e63b22545fea1c27552"
  integrity sha512-T/vJCr8qnwK6HxriOPXCrx31IpA9ZYecxuOzQ3G74kIayED4spmpXp6PLtRYR/fo2LZ6UcgHN0qSgONnvwEweg==
  dependencies:
    "@solana/codecs-core" "2.1.0"
    "@solana/codecs-data-structures" "2.1.0"
    "@solana/codecs-numbers" "2.1.0"
    "@solana/codecs-strings" "2.1.0"
    "@solana/errors" "2.1.0"

a-sync-waterfall@^1.0.0:
  version "1.0.1"
  resolved "https://registry.yarnpkg.com/a-sync-waterfall/-/a-sync-waterfall-1.0.1.tgz#75b6b6aa72598b497a125e7a2770f14f4c8a1fa7"
  integrity sha512-RYTOHHdWipFUliRFMCS4X2Yn2X8M87V/OpSqWzKKOGhzqyUxzyVmhHDH9sAvG+ZuQf/TAOFsLCpMw09I1ufUnA==

ansi-regex@^5.0.1:
  version "5.0.1"
  resolved "https://registry.yarnpkg.com/ansi-regex/-/ansi-regex-5.0.1.tgz#082cb2c89c9fe8659a311a53bd6a4dc5301db304"
  integrity sha512-quJQXlTSUGL2LH9SUXo8VwsY4soanhgo6LNSm84E1LBcE8s3O0wpdiRzyR9z/ZZJMlMWv37qOOb9pdJlMUEKFQ==

ansi-styles@^4.0.0:
  version "4.3.0"
  resolved "https://registry.yarnpkg.com/ansi-styles/-/ansi-styles-4.3.0.tgz#edd803628ae71c04c85ae7a0906edad34b648937"
  integrity sha512-zbB9rCJAT1rbjiVDb2hqKFHNYLxgtk8NURxZ3IZwD3F6NtxbXZQCnnSi1Lkx+IDohdPlFp222wVALIheZJQSEg==
  dependencies:
    color-convert "^2.0.1"

asap@^2.0.3:
  version "2.0.6"
  resolved "https://registry.yarnpkg.com/asap/-/asap-2.0.6.tgz#e50347611d7e690943208bbdafebcbc2fb866d46"
  integrity sha512-BSHWgDSAiKs50o2Re8ppvp3seVHXSRM44cdSsT9FfNEUUZLOGWVCsiWaRPWM1Znn+mqZ1OfVZ3z3DWEzSp7hRA==

call-bind-apply-helpers@^1.0.0, call-bind-apply-helpers@^1.0.1, call-bind-apply-helpers@^1.0.2:
  version "1.0.2"
  resolved "https://registry.yarnpkg.com/call-bind-apply-helpers/-/call-bind-apply-helpers-1.0.2.tgz#4b5428c222be985d79c3d82657479dbe0b59b2d6"
  integrity sha512-Sp1ablJ0ivDkSzjcaJdxEunN5/XvksFJ2sMBFfq6x0ryhQV/2b/KwFe21cMpmHtPOSij8K99/wSfoEuTObmuMQ==
  dependencies:
    es-errors "^1.3.0"
    function-bind "^1.1.2"

call-bind@^1.0.8:
  version "1.0.8"
  resolved "https://registry.yarnpkg.com/call-bind/-/call-bind-1.0.8.tgz#0736a9660f537e3388826f440d5ec45f744eaa4c"
  integrity sha512-oKlSFMcMwpUg2ednkhQ454wfWiU/ul3CkJe/PEHcTKuiX6RpbehUiFMXu13HalGZxfUwCQzZG747YXBn1im9ww==
  dependencies:
    call-bind-apply-helpers "^1.0.0"
    es-define-property "^1.0.0"
    get-intrinsic "^1.2.4"
    set-function-length "^1.2.2"

call-bound@^1.0.4:
  version "1.0.4"
  resolved "https://registry.yarnpkg.com/call-bound/-/call-bound-1.0.4.tgz#238de935d2a2a692928c538c7ccfa91067fd062a"
  integrity sha512-+ys997U96po4Kx/ABpBCqhA9EuxJaQWDQg7295H4hBphv3IZg0boBKuwYpt4YXp6MZ5AmZQnU/tyMTlRpaSejg==
  dependencies:
    call-bind-apply-helpers "^1.0.2"
    get-intrinsic "^1.3.0"

chalk@^5.3.0, chalk@^5.4.1:
  version "5.4.1"
  resolved "https://registry.yarnpkg.com/chalk/-/chalk-5.4.1.tgz#1b48bf0963ec158dce2aacf69c093ae2dd2092d8"
  integrity sha512-zgVZuo2WcZgfUEmsn6eO3kINexW8RAE4maiQ8QNs8CtpPCSyMiYsULR3HQYkm3w8FIA3SberyMJMSldGsW+U3w==

cliui@^8.0.1:
  version "8.0.1"
  resolved "https://registry.yarnpkg.com/cliui/-/cliui-8.0.1.tgz#0c04b075db02cbfe60dc8e6cf2f5486b1a3608aa"
  integrity sha512-BSeNnyus75C4//NQ9gQt1/csTXyo/8Sb+afLAkzAptFuMsod9HFokGNudZpi/oQV73hnVK+sR+5PVRMd+Dr7YQ==
  dependencies:
    string-width "^4.2.0"
    strip-ansi "^6.0.1"
    wrap-ansi "^7.0.0"

codama@^1.2.11:
  version "1.2.11"
  resolved "https://registry.yarnpkg.com/codama/-/codama-1.2.11.tgz#539801bf15dfa06ee6404867d3fd76f0e2a5381f"
  integrity sha512-mb5KYgsc8tH8t+MKy0jQBmCrySgRRxt/eGDbmuidLsORck925f6qZihkM64czARQ47AjY8nJg1URwg0RGdCjsg==
  dependencies:
    "@codama/cli" "1.0.10"
    "@codama/errors" "1.2.11"
    "@codama/nodes" "1.2.11"
    "@codama/validators" "1.2.11"
    "@codama/visitors" "1.2.11"

color-convert@^2.0.1:
  version "2.0.1"
  resolved "https://registry.yarnpkg.com/color-convert/-/color-convert-2.0.1.tgz#72d3a68d598c9bdb3af2ad1e84f21d896abd4de3"
  integrity sha512-RRECPsj7iu/xb5oKYcsFHSppFNnsj/52OVTRKb4zP5onXwVF3zVmmToNcOfGC+CRDpfK/U584fMg38ZHCaElKQ==
  dependencies:
    color-name "~1.1.4"

color-name@~1.1.4:
  version "1.1.4"
  resolved "https://registry.yarnpkg.com/color-name/-/color-name-1.1.4.tgz#c2a09a87acbde69543de6f63fa3995c826c536a2"
  integrity sha512-dOy+3AuW3a2wNbZHIuMZpTcgjGuLU/uBL/ubcZF9OXbDo8ff4O8yVp5Bf0efS8uEoYo5q4Fx7dY9OgQGXgAsQA==

commander@^12.1.0:
  version "12.1.0"
  resolved "https://registry.yarnpkg.com/commander/-/commander-12.1.0.tgz#01423b36f501259fdaac4d0e4d60c96c991585d3"
  integrity sha512-Vw8qHK3bZM9y/P10u3Vib8o/DdkvA2OtPtZvD871QKjy74Wj1WSKFILMPRPSdUSx5RFK1arlJzEtA4PkFgnbuA==

commander@^13.1.0:
  version "13.1.0"
  resolved "https://registry.yarnpkg.com/commander/-/commander-13.1.0.tgz#776167db68c78f38dcce1f9b8d7b8b9a488abf46"
  integrity sha512-/rFeCpNJQbhSZjGVwO9RFV3xPqbnERS8MmIQzCtD/zl6gpJuV/bMLuN92oG3F7d8oDEHHRrujSXNUr8fpjntKw==

commander@^5.1.0:
  version "5.1.0"
  resolved "https://registry.yarnpkg.com/commander/-/commander-5.1.0.tgz#46abbd1652f8e059bddaef99bbdcb2ad9cf179ae"
  integrity sha512-P0CysNDQ7rtVw4QIQtm+MRxV66vKFSvlsQvGYXZWR3qFU0jlMKHZZZgw8e+8DSah4UDKMqnknRDQz+xuQXQ/Zg==

define-data-property@^1.1.4:
  version "1.1.4"
  resolved "https://registry.yarnpkg.com/define-data-property/-/define-data-property-1.1.4.tgz#894dc141bb7d3060ae4366f6a0107e68fbe48c5e"
  integrity sha512-rBMvIzlpA8v6E+SJZoo++HAYqsLrkg7MSfIinMPFhmkorw7X+dOXVJQs+QT69zGkzMyfDnIMN2Wid1+NbL3T+A==
  dependencies:
    es-define-property "^1.0.0"
    es-errors "^1.3.0"
    gopd "^1.0.1"

dunder-proto@^1.0.1:
  version "1.0.1"
  resolved "https://registry.yarnpkg.com/dunder-proto/-/dunder-proto-1.0.1.tgz#d7ae667e1dc83482f8b70fd0f6eefc50da30f58a"
  integrity sha512-KIN/nDJBQRcXw0MLVhZE9iQHmG68qAVIBg9CqmUYjmQIhgij9U5MFvrqkUL5FbtyyzZuOeOt0zdeRe4UY7ct+A==
  dependencies:
    call-bind-apply-helpers "^1.0.1"
    es-errors "^1.3.0"
    gopd "^1.2.0"

emoji-regex@^8.0.0:
  version "8.0.0"
  resolved "https://registry.yarnpkg.com/emoji-regex/-/emoji-regex-8.0.0.tgz#e818fd69ce5ccfcb404594f842963bf53164cc37"
  integrity sha512-MSjYzcWNOA0ewAHpz0MxpYFvwg6yjy1NG3xteoqz644VCo/RPgnr1/GGt+ic3iJTzQ8Eu3TdM14SawnVUmGE6A==

es-define-property@^1.0.0, es-define-property@^1.0.1:
  version "1.0.1"
  resolved "https://registry.yarnpkg.com/es-define-property/-/es-define-property-1.0.1.tgz#983eb2f9a6724e9303f61addf011c72e09e0b0fa"
  integrity sha512-e3nRfgfUZ4rNGL232gUgX06QNyyez04KdjFrF+LTRoOXmrOgFKDg4BCdsjW8EnT69eqdYGmRpJwiPVYNrCaW3g==

es-errors@^1.3.0:
  version "1.3.0"
  resolved "https://registry.yarnpkg.com/es-errors/-/es-errors-1.3.0.tgz#05f75a25dab98e4fb1dcd5e1472c0546d5057c8f"
  integrity sha512-Zf5H2Kxt2xjTvbJvP2ZWLEICxA6j+hAmMzIlypy4xcBg1vKVnx89Wy0GbS+kf5cwCVFFzdCFh2XSCFNULS6csw==

es-object-atoms@^1.0.0, es-object-atoms@^1.1.1:
  version "1.1.1"
  resolved "https://registry.yarnpkg.com/es-object-atoms/-/es-object-atoms-1.1.1.tgz#1c4f2c4837327597ce69d2ca190a7fdd172338c1"
  integrity sha512-FGgH2h8zKNim9ljj7dankFPcICIK9Cp5bm+c2gQSYePhpaG5+esrLODihIorn+Pe6FGJzWhXQotPv73jTaldXA==
  dependencies:
    es-errors "^1.3.0"

escalade@^3.1.1:
  version "3.2.0"
  resolved "https://registry.yarnpkg.com/escalade/-/escalade-3.2.0.tgz#011a3f69856ba189dffa7dc8fcce99d2a87903e5"
  integrity sha512-WUj2qlxaQtO4g6Pq5c29GTcWGDyd8itL8zTlipgECz3JesAiiOKotd8JU6otB3PACgG6xkJUyVhboMS+bje/jA==

function-bind@^1.1.2:
  version "1.1.2"
  resolved "https://registry.yarnpkg.com/function-bind/-/function-bind-1.1.2.tgz#2c02d864d97f3ea6c8830c464cbd11ab6eab7a1c"
  integrity sha512-7XHNxH7qX9xG5mIwxkhumTox/MIRNcOgDrxWsMt2pAr23WHp6MrRlN7FBSFpCpr+oVO0F744iUgR82nJMfG2SA==

get-caller-file@^2.0.5:
  version "2.0.5"
  resolved "https://registry.yarnpkg.com/get-caller-file/-/get-caller-file-2.0.5.tgz#4f94412a82db32f36e3b0b9741f8a97feb031f7e"
  integrity sha512-DyFP3BM/3YHTQOCUL/w0OZHR0lpKeGrxotcHWcqNEdnltqFwXVfhEBQ94eIo34AfQpo0rGki4cyIiftY06h2Fg==

get-intrinsic@^1.2.4, get-intrinsic@^1.3.0:
  version "1.3.0"
  resolved "https://registry.yarnpkg.com/get-intrinsic/-/get-intrinsic-1.3.0.tgz#743f0e3b6964a93a5491ed1bffaae054d7f98d01"
  integrity sha512-9fSjSaos/fRIVIp+xSJlE6lfwhES7LNtKaCBIamHsjr2na1BiABJPo0mOjjz8GJDURarmCPGqaiVg5mfjb98CQ==
  dependencies:
    call-bind-apply-helpers "^1.0.2"
    es-define-property "^1.0.1"
    es-errors "^1.3.0"
    es-object-atoms "^1.1.1"
    function-bind "^1.1.2"
    get-proto "^1.0.1"
    gopd "^1.2.0"
    has-symbols "^1.1.0"
    hasown "^2.0.2"
    math-intrinsics "^1.1.0"

get-proto@^1.0.1:
  version "1.0.1"
  resolved "https://registry.yarnpkg.com/get-proto/-/get-proto-1.0.1.tgz#150b3f2743869ef3e851ec0c49d15b1d14d00ee1"
  integrity sha512-sTSfBjoXBp89JvIKIefqw7U2CCebsc74kiY6awiGogKtoSGbgjYE/G/+l9sF3MWFPNc9IcoOC4ODfKHfxFmp0g==
  dependencies:
    dunder-proto "^1.0.1"
    es-object-atoms "^1.0.0"

gopd@^1.0.1, gopd@^1.2.0:
  version "1.2.0"
  resolved "https://registry.yarnpkg.com/gopd/-/gopd-1.2.0.tgz#89f56b8217bdbc8802bd299df6d7f1081d7e51a1"
  integrity sha512-ZUKRh6/kUFoAiTAtTYPZJ3hw9wNxx+BIBOijnlG9PnrJsCcSjs1wyyD6vJpaYtgnzDrKYRSqf3OO6Rfa93xsRg==

has-property-descriptors@^1.0.2:
  version "1.0.2"
  resolved "https://registry.yarnpkg.com/has-property-descriptors/-/has-property-descriptors-1.0.2.tgz#963ed7d071dc7bf5f084c5bfbe0d1b6222586854"
  integrity sha512-55JNKuIW+vq4Ke1BjOTjM2YctQIvCT7GFzHwmfZPGo5wnrgkid0YQtnAleFSqumZm4az3n2BS+erby5ipJdgrg==
  dependencies:
    es-define-property "^1.0.0"

has-symbols@^1.1.0:
  version "1.1.0"
  resolved "https://registry.yarnpkg.com/has-symbols/-/has-symbols-1.1.0.tgz#fc9c6a783a084951d0b971fe1018de813707a338"
  integrity sha512-1cDNdwJ2Jaohmb3sg4OmKaMBwuC48sYni5HUw2DvsC8LjGTLK9h+eb1X6RyuOHe4hT0ULCW68iomhjUoKUqlPQ==

hasown@^2.0.2:
  version "2.0.2"
  resolved "https://registry.yarnpkg.com/hasown/-/hasown-2.0.2.tgz#003eaf91be7adc372e84ec59dc37252cedb80003"
  integrity sha512-0hJU9SCPvmMzIBdZFqNPXWa6dqh7WdH0cII9y+CyS8rG3nL48Bclra9HmKhVVUHyPWNH5Y7xDwAB7bfgSjkUMQ==
  dependencies:
    function-bind "^1.1.2"

is-fullwidth-code-point@^3.0.0:
  version "3.0.0"
  resolved "https://registry.yarnpkg.com/is-fullwidth-code-point/-/is-fullwidth-code-point-3.0.0.tgz#f116f8064fe90b3f7844a38997c0b75051269f1d"
  integrity sha512-zymm5+u+sCsSWyD9qNaejV3DFvhCKclKdizYaJUuHA83RLjb7nSuGnddCHGv0hk+KY7BMAlsWeK4Ueg6EV6XQg==

isarray@^2.0.5:
  version "2.0.5"
  resolved "https://registry.yarnpkg.com/isarray/-/isarray-2.0.5.tgz#8af1e4c1221244cc62459faf38940d4e644a5723"
  integrity sha512-xHjhDr3cNBK0BzdUJSPXZntQUx/mwMS5Rw4A7lPJ90XGAO6ISP/ePDNuo0vhqOZU+UD5JoodwCAAoZQd3FeAKw==

json-stable-stringify@^1.2.1:
  version "1.3.0"
  resolved "https://registry.yarnpkg.com/json-stable-stringify/-/json-stable-stringify-1.3.0.tgz#8903cfac42ea1a0f97f35d63a4ce0518f0cc6a70"
  integrity sha512-qtYiSSFlwot9XHtF9bD9c7rwKjr+RecWT//ZnPvSmEjpV5mmPOCN4j8UjY5hbjNkOwZ/jQv3J6R1/pL7RwgMsg==
  dependencies:
    call-bind "^1.0.8"
    call-bound "^1.0.4"
    isarray "^2.0.5"
    jsonify "^0.0.1"
    object-keys "^1.1.1"

jsonify@^0.0.1:
  version "0.0.1"
  resolved "https://registry.yarnpkg.com/jsonify/-/jsonify-0.0.1.tgz#2aa3111dae3d34a0f151c63f3a45d995d9420978"
  integrity sha512-2/Ki0GcmuqSrgFyelQq9M05y7PS0mEwuIzrf3f1fPqkVDVRvZrPZtVSMHxdgo8Aq0sxAOb/cr2aqqA3LeWHVPg==

kleur@^3.0.3:
  version "3.0.3"
  resolved "https://registry.yarnpkg.com/kleur/-/kleur-3.0.3.tgz#a79c9ecc86ee1ce3fa6206d1216c501f147fc07e"
  integrity sha512-eTIzlVOSUR+JxdDFepEYcBMtZ9Qqdef+rnzWdRZuMbOywu5tO2w2N7rqjoANZ5k9vywhL6Br1VRjUIgTQx4E8w==

math-intrinsics@^1.1.0:
  version "1.1.0"
  resolved "https://registry.yarnpkg.com/math-intrinsics/-/math-intrinsics-1.1.0.tgz#a0dd74be81e2aa5c2f27e65ce283605ee4e2b7f9"
  integrity sha512-/IXtbwEk5HTPyEwyKX6hGkYXxM9nbj64B+ilVJnC/R6B0pH5G4V3b0pVbL7DBj4tkhBAppbQUlf6F6Xl9LHu1g==

nunjucks@^3.2.4:
  version "3.2.4"
  resolved "https://registry.yarnpkg.com/nunjucks/-/nunjucks-3.2.4.tgz#f0878eef528ce7b0aa35d67cc6898635fd74649e"
  integrity sha512-26XRV6BhkgK0VOxfbU5cQI+ICFUtMLixv1noZn1tGU38kQH5A5nmmbk/O45xdyBhD1esk47nKrY0mvQpZIhRjQ==
  dependencies:
    a-sync-waterfall "^1.0.0"
    asap "^2.0.3"
    commander "^5.1.0"

object-keys@^1.1.1:
  version "1.1.1"
  resolved "https://registry.yarnpkg.com/object-keys/-/object-keys-1.1.1.tgz#1c47f272df277f3b1daf061677d9c82e2322c60e"
  integrity sha512-NuAESUOUMrlIXOfHKzD6bpPu3tYt3xvjNdRIQ+FeT0lNb4K8WR70CaDxhuNguS2XG+GjkyMwOzsN5ZktImfhLA==

picocolors@^1.1.1:
  version "1.1.1"
  resolved "https://registry.yarnpkg.com/picocolors/-/picocolors-1.1.1.tgz#3d321af3eab939b083c8f929a1d12cda81c26b6b"
  integrity sha512-xceH2snhtb5M9liqDsmEw56le376mTZkEX/jEb/RxNFyegNul7eNslCXP9FDj/Lcu0X8KEyMceP2ntpaHrDEVA==

prettier@^3.5.3:
  version "3.5.3"
  resolved "https://registry.yarnpkg.com/prettier/-/prettier-3.5.3.tgz#4fc2ce0d657e7a02e602549f053b239cb7dfe1b5"
  integrity sha512-QQtaxnoDJeAkDvDKWCLiwIXkTgRhwYDEQCghU9Z6q03iyek/rxRh/2lC3HB7P8sWT2xC/y5JDctPLBIGzHKbhw==

prompts@^2.4.2:
  version "2.4.2"
  resolved "https://registry.yarnpkg.com/prompts/-/prompts-2.4.2.tgz#7b57e73b3a48029ad10ebd44f74b01722a4cb069"
  integrity sha512-NxNv/kLguCA7p3jE8oL2aEBsrJWgAakBpgmgK6lpPWV+WuOmY6r2/zbAVnP+T8bQlA0nzHXSJSJW0Hq7ylaD2Q==
  dependencies:
    kleur "^3.0.3"
    sisteransi "^1.0.5"

require-directory@^2.1.1:
  version "2.1.1"
  resolved "https://registry.yarnpkg.com/require-directory/-/require-directory-2.1.1.tgz#8c64ad5fd30dab1c976e2344ffe7f792a6a6df42"
  integrity sha512-fGxEI7+wsG9xrvdjsrlmL22OMTTiHRwAMroiEeMgq8gzoLC/PQr7RsRDSTLUg/bZAZtF+TVIkHc6/4RIKrui+Q==

set-function-length@^1.2.2:
  version "1.2.2"
  resolved "https://registry.yarnpkg.com/set-function-length/-/set-function-length-1.2.2.tgz#aac72314198eaed975cf77b2c3b6b880695e5449"
  integrity sha512-pgRc4hJ4/sNjWCSS9AmnS40x3bNMDTknHgL5UaMBTMyJnU90EgWh1Rz+MC9eFu4BuN/UwZjKQuY/1v3rM7HMfg==
  dependencies:
    define-data-property "^1.1.4"
    es-errors "^1.3.0"
    function-bind "^1.1.2"
    get-intrinsic "^1.2.4"
    gopd "^1.0.1"
    has-property-descriptors "^1.0.2"

sisteransi@^1.0.5:
  version "1.0.5"
  resolved "https://registry.yarnpkg.com/sisteransi/-/sisteransi-1.0.5.tgz#134d681297756437cc05ca01370d3a7a571075ed"
  integrity sha512-bLGGlR1QxBcynn2d5YmDX4MGjlZvy2MRBDRNHLJ8VI6l6+9FUiyTFNJ0IveOSP0bcXgVDPRcfGqA0pjaqUpfVg==

string-width@^4.1.0, string-width@^4.2.0, string-width@^4.2.3:
  version "4.2.3"
  resolved "https://registry.yarnpkg.com/string-width/-/string-width-4.2.3.tgz#269c7117d27b05ad2e536830a8ec895ef9c6d010"
  integrity sha512-wKyQRQpjJ0sIp62ErSZdGsjMJWsap5oRNihHhu6G7JVO/9jIB6UyevL+tXuOqrng8j/cxKTWyWUwvSTriiZz/g==
  dependencies:
    emoji-regex "^8.0.0"
    is-fullwidth-code-point "^3.0.0"
    strip-ansi "^6.0.1"

strip-ansi@^6.0.0, strip-ansi@^6.0.1:
  version "6.0.1"
  resolved "https://registry.yarnpkg.com/strip-ansi/-/strip-ansi-6.0.1.tgz#9e26c63d30f53443e9489495b2105d37b67a85d9"
  integrity sha512-Y38VPSHcqkFrCpFnQ9vuSXmquuv5oXOKpGeT6aGrr3o3Gc9AlVa6JBfUSOCnbxGGZF+/0ooI7KrPuUSztUdU5A==
  dependencies:
    ansi-regex "^5.0.1"

wrap-ansi@^7.0.0:
  version "7.0.0"
  resolved "https://registry.yarnpkg.com/wrap-ansi/-/wrap-ansi-7.0.0.tgz#67e145cff510a6a6984bdf1152911d69d2eb9e43"
  integrity sha512-YVGIj2kamLSTxw6NsZjoBxfSwsn0ycdesmc4p+Q21c5zPuZ1pl+NfxVdxPtdHvmNVOQ6XSYG4AUtyt/Fi7D16Q==
  dependencies:
    ansi-styles "^4.0.0"
    string-width "^4.1.0"
    strip-ansi "^6.0.0"

y18n@^5.0.5:
  version "5.0.8"
  resolved "https://registry.yarnpkg.com/y18n/-/y18n-5.0.8.tgz#7f4934d0f7ca8c56f95314939ddcd2dd91ce1d55"
  integrity sha512-0pfFzegeDWJHJIAmTLRP2DwHjdF5s7jo9tuztdQxAhINCdvS+3nGINqPd00AphqJR/0LhANUS6/+7SCb98YOfA==

yargs-parser@^21.1.1:
  version "21.1.1"
  resolved "https://registry.yarnpkg.com/yargs-parser/-/yargs-parser-21.1.1.tgz#9096bceebf990d21bb31fa9516e0ede294a77d35"
  integrity sha512-tVpsJW7DdjecAiFpbIB1e3qxIQsE6NoPc5/eTdrbbIC4h0LVsWhnoa3g+m2HclBIujHzsxZ4VJVA+GUuc2/LBw==

yargs@^17.7.2:
  version "17.7.2"
  resolved "https://registry.yarnpkg.com/yargs/-/yargs-17.7.2.tgz#991df39aca675a192b816e1e0363f9d75d2aa269"
  integrity sha512-7dSzzRQ++CKnNI/krKnYRV7JKKPUXMEh61soaHKg9mrWEhzFWhFnxPxGl+69cD1Ou63C13NUPCnmIcrvqCuM6w==
  dependencies:
    cliui "^8.0.1"
    escalade "^3.1.1"
    get-caller-file "^2.0.5"
    require-directory "^2.1.1"
    string-width "^4.2.3"
    y18n "^5.0.5"
    yargs-parser "^21.1.1"
